{
  "projects": [
    {
      "projectId": "rzvTD8ZwUeCH8ubQggUeej",
      "version": "latest",
      "dependencies": {},
      "lang": "ts",
      "fileLocks": [
        {
          "type": "globalVariant",
          "assetId": "4PWfG1Q762p-t6",
          "checksum": "d1444a7b80c0c197f9acbc6221ca9e86"
        },
        {
          "assetId": "rzvTD8ZwUeCH8ubQggUeej",
          "type": "projectCss",
          "checksum": "ff579342a65cdf6571ef851e92e72b86"
        },
        {
          "type": "renderModule",
          "assetId": "bRSdozNIYog7i",
          "checksum": "80aa1020c8a52fb139429ff57b4744c0"
        },
        {
          "type": "cssRules",
          "assetId": "bRSdozNIYog7i",
          "checksum": "80aa1020c8a52fb139429ff57b4744c0"
        },
        {
          "type": "renderModule",
          "assetId": "6Z_Td8AzSe6HJJ",
          "checksum": "5d93a3c6871616932d8a328f3843df84"
        },
        {
          "type": "cssRules",
          "assetId": "6Z_Td8AzSe6HJJ",
          "checksum": "5d93a3c6871616932d8a328f3843df84"
        },
        {
          "type": "renderModule",
          "assetId": "fCniOsjTmprpXE",
          "checksum": "9179cc0b1fa5990689fc40ac78666673"
        },
        {
          "type": "cssRules",
          "assetId": "fCniOsjTmprpXE",
          "checksum": "9179cc0b1fa5990689fc40ac78666673"
        },
        {
          "type": "renderModule",
          "assetId": "845KO9WkT3T-Jb",
          "checksum": "815f363164be263c80e2301fa5172f3d"
        },
        {
          "type": "cssRules",
          "assetId": "845KO9WkT3T-Jb",
          "checksum": "815f363164be263c80e2301fa5172f3d"
        },
        {
          "type": "renderModule",
          "assetId": "DwrvksJMh9765t",
          "checksum": "77e7080c894a4db864b18fe8e2195159"
        },
        {
          "type": "cssRules",
          "assetId": "DwrvksJMh9765t",
          "checksum": "77e7080c894a4db864b18fe8e2195159"
        },
        {
          "type": "renderModule",
          "assetId": "gWYW41R9KY6KCE",
          "checksum": "ea0edece61918f9b03e11ea5279186bd"
        },
        {
          "type": "cssRules",
          "assetId": "gWYW41R9KY6KCE",
          "checksum": "ea0edece61918f9b03e11ea5279186bd"
        },
        {
          "type": "renderModule",
          "assetId": "m1aHLCmOY0GxGz",
          "checksum": "06e75b4a8d8ff234a3c48a8968fdf2e4"
        },
        {
          "type": "cssRules",
          "assetId": "m1aHLCmOY0GxGz",
          "checksum": "06e75b4a8d8ff234a3c48a8968fdf2e4"
        },
        {
          "type": "renderModule",
          "assetId": "F-wp_ecU3RysAD",
          "checksum": "1ab1d495b09b4683a9be3b3dad526b2f"
        },
        {
          "type": "cssRules",
          "assetId": "F-wp_ecU3RysAD",
          "checksum": "1ab1d495b09b4683a9be3b3dad526b2f"
        },
        {
          "type": "renderModule",
          "assetId": "fQcQnDSe4Dg9SN",
          "checksum": "f53950e69d44fc84094a77d6d03bc5e0"
        },
        {
          "type": "cssRules",
          "assetId": "fQcQnDSe4Dg9SN",
          "checksum": "f53950e69d44fc84094a77d6d03bc5e0"
        },
        {
          "type": "renderModule",
          "assetId": "wOMKBFS-j_jUen",
          "checksum": "29493db4a9f7ec70aca3c5b9d5030b2d"
        },
        {
          "type": "cssRules",
          "assetId": "wOMKBFS-j_jUen",
          "checksum": "29493db4a9f7ec70aca3c5b9d5030b2d"
        },
        {
          "type": "renderModule",
          "assetId": "rWrclkWNBLYqdN",
          "checksum": "c707d48d1631ab6e8841ccd3eb7d1630"
        },
        {
          "type": "cssRules",
          "assetId": "rWrclkWNBLYqdN",
          "checksum": "c707d48d1631ab6e8841ccd3eb7d1630"
        },
        {
          "type": "renderModule",
          "assetId": "wfaeV19DYY9rs4",
          "checksum": "e05ff6fe61c41255cb72390d7c36c4cc"
        },
        {
          "type": "cssRules",
          "assetId": "wfaeV19DYY9rs4",
          "checksum": "e05ff6fe61c41255cb72390d7c36c4cc"
        },
        {
          "type": "renderModule",
          "assetId": "FjVtnw_8oua0YC",
          "checksum": "11a3f6cda5c1c66c8f4bf5c4ed4c6c46"
        },
        {
          "type": "cssRules",
          "assetId": "FjVtnw_8oua0YC",
          "checksum": "11a3f6cda5c1c66c8f4bf5c4ed4c6c46"
        },
        {
          "type": "renderModule",
          "assetId": "PWITFF-RZWBknK",
          "checksum": "c6ab42a5bdb4a0c3a789e2b1224a49d7"
        },
        {
          "type": "cssRules",
          "assetId": "PWITFF-RZWBknK",
          "checksum": "c6ab42a5bdb4a0c3a789e2b1224a49d7"
        },
        {
          "type": "renderModule",
          "assetId": "xFLZL9ftLN80VZ",
          "checksum": "17d3cdb41ef5e89315b474a532e64f76"
        },
        {
          "type": "cssRules",
          "assetId": "xFLZL9ftLN80VZ",
          "checksum": "17d3cdb41ef5e89315b474a532e64f76"
        },
        {
          "type": "renderModule",
          "assetId": "ko4ZefvedhXpya",
          "checksum": "8fea992c8320ebee8b8178d5acef5406"
        },
        {
          "type": "cssRules",
          "assetId": "ko4ZefvedhXpya",
          "checksum": "8fea992c8320ebee8b8178d5acef5406"
        },
        {
          "type": "icon",
          "assetId": "nEN4LMVKiUcztc",
          "checksum": "eaf4bf7d0ccf5932b303218762a39e9a"
        },
        {
          "type": "icon",
          "assetId": "P3DH-5ntYSrWBm",
          "checksum": "eae1ad0aaa354d23f55fdd460185ec5e"
        },
        {
          "type": "icon",
          "assetId": "NHHjkPOHuNw1UN",
          "checksum": "1a04f4e318807b9ff107a177361ca335"
        },
        {
          "type": "icon",
          "assetId": "Ryud1VyIJEkECG",
          "checksum": "cd61e8c89a3f39cc4c3a85e725fc39c1"
        },
        {
          "type": "icon",
          "assetId": "LdWdOpbPwNpQnB",
          "checksum": "48fafb7c730dcb7786b3123e6f07cb86"
        },
        {
          "type": "icon",
          "assetId": "oxOKy6J7ImU0JF",
          "checksum": "9ec0c8dd12dae24364d0e99f416a4eaa"
        },
        {
          "type": "icon",
          "assetId": "--S_90rWZqXKnf",
          "checksum": "ec3778df1cd7d3490c42bdc20faecec9"
        },
        {
          "type": "icon",
          "assetId": "lA5NMnvZX02H3O",
          "checksum": "4e5b433ed7fbfeb67f984b329c585835"
        },
        {
          "type": "icon",
          "assetId": "abe58svSjmm4-9",
          "checksum": "7656226ed0c912664dc3c652e058d1f5"
        },
        {
          "type": "icon",
          "assetId": "6Mkkc6NMw-AeEv",
          "checksum": "2b25853e4d4a523f6e460d201cec50cb"
        },
        {
          "type": "icon",
          "assetId": "VYDGBvM8nGlNv0",
          "checksum": "f7fbb97db533001fabef9764f264a2d4"
        },
        {
          "type": "icon",
          "assetId": "JTEE51T55rCKiu",
          "checksum": "7321ce7921dcedfc0288cf5f83ae6b81"
        },
        {
          "type": "icon",
          "assetId": "htmrBITMLsOB7g",
          "checksum": "6e3fc11c629c5e0d679c7f82a7e987ee"
        },
        {
          "type": "icon",
          "assetId": "WIKZGCkM9dP2cr",
          "checksum": "b6e16978d4c6acde8b00460a4b6e9fcd"
        },
        {
          "type": "icon",
          "assetId": "T-wgaPDuHIr-X_",
          "checksum": "f2b9c30b686bd407b6cce047dfe81820"
        },
        {
          "type": "icon",
          "assetId": "P8w--GKiohJBdV",
          "checksum": "5f1d64c570e5a9b9f07c76ac263550be"
        },
        {
          "type": "icon",
          "assetId": "T0rpzU35oVHKJz",
          "checksum": "aaf80469a132c5daa5899917553bcf40"
        },
        {
          "type": "image",
          "assetId": "mwNQv5b2fkt4Bv",
          "checksum": "73e85c5601bd3c2cf4625942cf767379"
        },
        {
          "type": "image",
          "assetId": "XJuPSkpquMWtTC",
          "checksum": "c3c09b89df253030baf3d5d73354905b"
        },
        {
          "type": "image",
          "assetId": "688-Ct1_DVEjXx",
          "checksum": "dc6fed9b88d283a8997f0f09db5dd2b7"
        },
        {
          "type": "image",
          "assetId": "-RvM6QQ17lneb-",
          "checksum": "b2842673f53d7c8c4bd6389c1ae2c8f0"
        },
        {
          "type": "image",
          "assetId": "M08GpsMx65FBfe",
          "checksum": "d26fe7b3004c559770fc271704337209"
        },
        {
          "type": "image",
          "assetId": "e09WKGaGj0uaZd",
          "checksum": "7425151cb1c564d2bc27ee5c57033614"
        },
        {
          "type": "image",
          "assetId": "LgAsYmHq8tbhB5",
          "checksum": "223cc32cc9d66b67aca30f57f4950547"
        },
        {
          "type": "image",
          "assetId": "yFroGIRBIYqgrc",
          "checksum": "cc5f8c4640efe1fe9db7d509e5d9c4aa"
        },
        {
          "type": "image",
          "assetId": "PG5bYe4EKbj9O3",
          "checksum": "2cdfff1c5516495728e2cfa66720b0dc"
        },
        {
          "type": "image",
          "assetId": "PzJpuUvfpfxb9E",
          "checksum": "ad0d23d061962f95d8ed8ad9a4ea0d2a"
        },
        {
          "type": "image",
          "assetId": "LliAlmzq-nQEz0",
          "checksum": "f0acff65b4fdddee03e8072e137e8574"
        },
        {
          "type": "image",
          "assetId": "mbe80w5gCIJ-wb",
          "checksum": "a69c033c070347d82f04da688aafbf9a"
        },
        {
          "type": "image",
          "assetId": "54rYGLoJt1rO98",
          "checksum": "d77baf4c67a277a15bea15f81e9a019f"
        },
        {
          "type": "image",
          "assetId": "lo-a7u8L6TYxDa",
          "checksum": "4682b4a537bb2b0b3ab69ffc5b1ef5bb"
        },
        {
          "type": "image",
          "assetId": "PEmNd_Oc7zfzY6",
          "checksum": "e59788f0bf1895a3f61cfb6180ce8f3d"
        },
        {
          "type": "image",
          "assetId": "IrBDOIPRu6V6S9",
          "checksum": "9fc21f5b317470d84e91e5b8b96befcd"
        },
        {
          "type": "image",
          "assetId": "PBtQ1l45AwVvMg",
          "checksum": "59ffc61088c662fedbe3a2a698844f00"
        },
        {
          "type": "image",
          "assetId": "QOvtMXlDiXwYxp",
          "checksum": "dab0bce2d57bb1d999125917f6f2816e"
        },
        {
          "type": "image",
          "assetId": "t94lKuecDbO7EG",
          "checksum": "1ad2749de44efdd1ab77f65c7595e740"
        },
        {
          "type": "image",
          "assetId": "KFukH_A27fG7Ca",
          "checksum": "d39fb59744c7054256bdcc255fc525e6"
        }
      ],
      "codegenVersion": "0.0.1"
    }
  ],
  "cliVersion": "0.1.182"
}
